{
  "requires": true,
  "lockfileVersion": 1,
  "dependencies": {
    "@types/d3-flextree": {
      "version": "2.1.4",
      "resolved": "https://registry.npmjs.org/@types/d3-flextree/-/d3-flextree-2.1.4.tgz",
      "integrity": "sha512-VcJAeoG51p0RBese55p/OHarbqe9QvQauzCkRAuORT3t9UOa+LzqCpTBMVYxBahyp4vAe1ML3sgeQKRU7Gv+KA==",
      "requires": {
        "@types/d3-hierarchy": "*"
      }
    },
    "@types/d3-hierarchy": {
      "version": "3.1.7",
      "resolved": "https://registry.npmjs.org/@types/d3-hierarchy/-/d3-hierarchy-3.1.7.tgz",
      "integrity": "sha512-tJFtNoYBtRtkNysX1Xq4sxtjK8YgoWUNpIiUee0/jHGRwqvzYxkq0hGVbbOGSz+JgFxxRu4K8nb3YpG3CMARtg=="
    },
    "ngx-org-chart": {
      "version": "1.1.1",
      "resolved": "https://registry.npmjs.org/ngx-org-chart/-/ngx-org-chart-1.1.1.tgz",
      "integrity": "sha512-CNn14L+VmQ4SeS//SB3sb5GwNnBAV7n1DbR6tzp+Zp/l5e730McdOrwym4NE8k9QsypUYBllIGy0w37Q8iIY1A==",
      "requires": {
        "tslib": "^1.9.0"
      }
    },
    "tslib": {
      "version": "1.14.1",
      "resolved": "https://registry.npmjs.org/tslib/-/tslib-1.14.1.tgz",
      "integrity": "sha512-Xni35NKzjgMrwevysHTCArtLDpPvye8zV/0E4EyYn43P7/7qvQwPh9BGkHewbMulVntbigmcT7rdX3BNo9wRJg=="
    }
  }
}
